{
  "version": 1,
  "dependencies": {
    "net8.0": {
      "Azure.Bicep.Types": {
        "type": "Direct",
        "requested": "[0.5.9, )",
        "resolved": "0.5.9",
        "contentHash": "Wh1q5ul+OTMtDCuTOjDQffEH9aW4+952IuIMTWZgzJPOPPLvwPxBOJhvNLoAS0omlxKtToslQ49td/RkKYWuhQ==",
        "dependencies": {
          "System.Text.Json": "8.0.2"
        }
      },
      "Grpc.AspNetCore": {
        "type": "Direct",
        "requested": "[2.63.0, )",
        "resolved": "2.63.0",
        "contentHash": "aDCMgtw4Ea2qV/xUPLFXj0qDn/ihKxTP/au6vSkDV4pa/ROU+4BeX71vuUfngG97mgMA3kzPLAKDSkl82zKXug==",
        "dependencies": {
          "Google.Protobuf": "3.24.0",
          "Grpc.AspNetCore.Server.ClientFactory": "2.63.0",
          "Grpc.Tools": "2.63.0"
        }
      },
      "Microsoft.NET.ILLink.Tasks": {
        "type": "Direct",
        "requested": "[8.0.6, )",
        "resolved": "8.0.6",
        "contentHash": "E+lDylsTeP4ZiDmnEkiJ5wobnGaIJzFhOgZppznJCb69UZgbh6G3cfv1pnLDLLBx6JAgl0kAlnINDeT3uCuczQ=="
      },
      "Microsoft.SourceLink.GitHub": {
        "type": "Direct",
        "requested": "[8.0.0, )",
        "resolved": "8.0.0",
        "contentHash": "G5q7OqtwIyGTkeIOAc3u2ZuV/kicQaec5EaRnc0pIeSnh9LUjj+PYQrJYBURvDt7twGl2PKA7nSN0kz1Zw5bnQ==",
        "dependencies": {
          "Microsoft.Build.Tasks.Git": "8.0.0",
          "Microsoft.SourceLink.Common": "8.0.0"
        }
      },
      "CommandLineParser": {
        "type": "Transitive",
        "resolved": "2.9.1",
        "contentHash": "OE0sl1/sQ37bjVsPKKtwQlWDgqaxWgtme3xZz7JssWUzg5JpMIyHgCTY9MVMxOg48fJ1AgGT3tgdH5m/kQ5xhA=="
      },
      "Google.Protobuf": {
        "type": "Transitive",
        "resolved": "3.27.1",
        "contentHash": "7IVz9TzhYCZ8qY0rPhXUnyJSXYdshUqmmxmTI763XmDDSJJFnyfKH43FFcMJu/CZgBcE98xlFztrKwhzcRkiPg=="
      },
      "Grpc.AspNetCore.Server": {
        "type": "Transitive",
        "resolved": "2.63.0",
        "contentHash": "KoOz6f23k9p9+NnQw78MiMAUYNOZ8HqATcdS2Q6f9K+F8EMJbj2+Vcie88z1OpLc+7iObr4PbK3Xmf4Nm5XbGw==",
        "dependencies": {
          "Grpc.Net.Common": "2.63.0"
        }
      },
      "Grpc.AspNetCore.Server.ClientFactory": {
        "type": "Transitive",
        "resolved": "2.63.0",
        "contentHash": "e4VOlNQwFsKgnwPVdYO3Z2NG+rSdk6jStMazfxHlcE0Yr9tSDJxLa30Fgi8tx+S0nplAzjXmqzKhG5hUhRYugw==",
        "dependencies": {
          "Grpc.AspNetCore.Server": "2.63.0",
          "Grpc.Net.ClientFactory": "2.63.0"
        }
      },
      "Grpc.Core.Api": {
        "type": "Transitive",
        "resolved": "2.63.0",
        "contentHash": "t3+/MF8AxIqKq5UmPB9EWAnM9C/+lXOB8TRFfeVMDntf6dekfJmjpKDebaT4t2bbuwVwwvthxxox9BuGr59kYA=="
      },
      "Grpc.Net.Client": {
        "type": "Transitive",
        "resolved": "2.63.0",
        "contentHash": "847zG24daOP1242OpbnjhbKtplH/EfV/76QReQA3cbS5SL78uIXsWMe9IN9JlIb4+kT3eE4fjMCXTn8BAQ91Ng==",
        "dependencies": {
          "Grpc.Net.Common": "2.63.0",
          "Microsoft.Extensions.Logging.Abstractions": "6.0.0"
        }
      },
      "Grpc.Net.ClientFactory": {
        "type": "Transitive",
        "resolved": "2.63.0",
        "contentHash": "RRT841A/JwmvXu+Fh8Gl9FNwwW8bc/Z0wm2F99SG26UGvTRCv39kx4edLtDuwo5ICrHpEu1fnsWMcPItamL7UQ==",
        "dependencies": {
          "Grpc.Net.Client": "2.63.0",
          "Microsoft.Extensions.Http": "6.0.0"
        }
      },
      "Grpc.Net.Common": {
        "type": "Transitive",
        "resolved": "2.63.0",
        "contentHash": "RLt6p31ZMsXRcHNeu1dQuIFLYZvnwP6LUzoDPlV3KoR4w9btmwrXIvz9Jbp1SOmxW7nXw9zShAeIt5LsqFAx5w==",
        "dependencies": {
          "Grpc.Core.Api": "2.63.0"
        }
      },
      "Grpc.Tools": {
        "type": "Transitive",
        "resolved": "2.63.0",
        "contentHash": "kJ1+gtEmHQTG8AOtHQ1c/ScRihMijElYqylGGurraQP9yrl3paueI/iinsm6SOUjgOO3jjd3x3TmWNe8uvcRrw=="
      },
      "Microsoft.Build.Tasks.Git": {
        "type": "Transitive",
        "resolved": "8.0.0",
        "contentHash": "bZKfSIKJRXLTuSzLudMFte/8CempWjVamNUR5eHJizsy+iuOuO/k2gnh7W0dHJmYY0tBf+gUErfluCv5mySAOQ=="
      },
      "Microsoft.Extensions.DependencyInjection": {
        "type": "Transitive",
        "resolved": "6.0.0",
        "contentHash": "k6PWQMuoBDGGHOQTtyois2u4AwyVcIwL2LaSLlTZQm2CYcJ1pxbt6jfAnpWmzENA/wfrYRI/X9DTLoUkE4AsLw==",
        "dependencies": {
          "Microsoft.Extensions.DependencyInjection.Abstractions": "6.0.0",
          "System.Runtime.CompilerServices.Unsafe": "6.0.0"
        }
      },
      "Microsoft.Extensions.DependencyInjection.Abstractions": {
        "type": "Transitive",
        "resolved": "6.0.0",
        "contentHash": "xlzi2IYREJH3/m6+lUrQlujzX8wDitm4QGnUu6kUXTQAWPuZY8i+ticFJbzfqaetLA6KR/rO6Ew/HuYD+bxifg=="
      },
      "Microsoft.Extensions.Http": {
        "type": "Transitive",
        "resolved": "6.0.0",
        "contentHash": "15+pa2G0bAMHbHewaQIdr/y6ag2H3yh4rd9hTXavtWDzQBkvpe2RMqFg8BxDpcQWssmjmBApGPcw93QRz6YcMg==",
        "dependencies": {
          "Microsoft.Extensions.DependencyInjection.Abstractions": "6.0.0",
          "Microsoft.Extensions.Logging": "6.0.0",
          "Microsoft.Extensions.Logging.Abstractions": "6.0.0",
          "Microsoft.Extensions.Options": "6.0.0"
        }
      },
      "Microsoft.Extensions.Logging": {
        "type": "Transitive",
        "resolved": "6.0.0",
        "contentHash": "eIbyj40QDg1NDz0HBW0S5f3wrLVnKWnDJ/JtZ+yJDFnDj90VoPuoPmFkeaXrtu+0cKm5GRAwoDf+dBWXK0TUdg==",
        "dependencies": {
          "Microsoft.Extensions.DependencyInjection": "6.0.0",
          "Microsoft.Extensions.DependencyInjection.Abstractions": "6.0.0",
          "Microsoft.Extensions.Logging.Abstractions": "6.0.0",
          "Microsoft.Extensions.Options": "6.0.0",
          "System.Diagnostics.DiagnosticSource": "6.0.0"
        }
      },
      "Microsoft.Extensions.Logging.Abstractions": {
        "type": "Transitive",
        "resolved": "6.0.0",
        "contentHash": "/HggWBbTwy8TgebGSX5DBZ24ndhzi93sHUBDvP1IxbZD7FDokYzdAr6+vbWGjw2XAfR2EJ1sfKUotpjHnFWPxA=="
      },
      "Microsoft.Extensions.Options": {
        "type": "Transitive",
        "resolved": "6.0.0",
        "contentHash": "dzXN0+V1AyjOe2xcJ86Qbo233KHuLEY0njf/P2Kw8SfJU+d45HNS2ctJdnEnrWbM9Ye2eFgaC5Mj9otRMU6IsQ==",
        "dependencies": {
          "Microsoft.Extensions.DependencyInjection.Abstractions": "6.0.0",
          "Microsoft.Extensions.Primitives": "6.0.0"
        }
      },
      "Microsoft.Extensions.Primitives": {
        "type": "Transitive",
        "resolved": "6.0.0",
        "contentHash": "9+PnzmQFfEFNR9J2aDTfJGGupShHjOuGw4VUv+JB044biSHrnmCIMD+mJHmb2H7YryrfBEXDurxQ47gJZdCKNQ==",
        "dependencies": {
          "System.Runtime.CompilerServices.Unsafe": "6.0.0"
        }
      },
      "Microsoft.SourceLink.Common": {
        "type": "Transitive",
        "resolved": "8.0.0",
        "contentHash": "dk9JPxTCIevS75HyEQ0E4OVAFhB2N+V9ShCXf8Q6FkUQZDkgLI12y679Nym1YqsiSysuQskT7Z+6nUf3yab6Vw=="
      },
      "System.Diagnostics.DiagnosticSource": {
        "type": "Transitive",
        "resolved": "6.0.0",
        "contentHash": "frQDfv0rl209cKm1lnwTgFPzNigy2EKk1BS3uAvHvlBVKe5cymGyHO+Sj+NLv5VF/AhHsqPIUUwya5oV4CHMUw==",
        "dependencies": {
          "System.Runtime.CompilerServices.Unsafe": "6.0.0"
        }
      },
      "System.Runtime.CompilerServices.Unsafe": {
        "type": "Transitive",
        "resolved": "6.0.0",
        "contentHash": "/iUeP3tq1S0XdNNoMz5C9twLSrM/TH+qElHkXWaPvuNOt+99G75NrV0OS2EqHx5wMN7popYjpc8oTjC1y16DLg=="
      },
      "System.Text.Encodings.Web": {
        "type": "Transitive",
        "resolved": "8.0.0",
        "contentHash": "yev/k9GHAEGx2Rg3/tU6MQh4HGBXJs70y7j1LaM1i/ER9po+6nnQ6RRqTJn1E7Xu0fbIFK80Nh5EoODxrbxwBQ=="
      },
      "System.Text.Json": {
        "type": "Transitive",
        "resolved": "8.0.2",
        "contentHash": "29KA2StjWDYp32FvREifawRtNpTziLE1xyuDV9pVQ+MsaE9bIcIieP0io/eZZeLMxR+Nx9zI55RtUtpVpEIdeg==",
        "dependencies": {
          "System.Text.Encodings.Web": "8.0.0"
        }
      },
      "Azure.Bicep.Local.Extension": {
        "type": "Project",
        "dependencies": {
          "CommandLineParser": "[2.9.1, )",
          "Google.Protobuf": "[3.27.1, )",
          "Grpc.Net.Client": "[2.63.0, )"
        }
      }
    },
    "net8.0/linux-arm64": {
      "System.Text.Encodings.Web": {
        "type": "Transitive",
        "resolved": "8.0.0",
        "contentHash": "yev/k9GHAEGx2Rg3/tU6MQh4HGBXJs70y7j1LaM1i/ER9po+6nnQ6RRqTJn1E7Xu0fbIFK80Nh5EoODxrbxwBQ=="
      }
    },
    "net8.0/linux-x64": {
      "System.Text.Encodings.Web": {
        "type": "Transitive",
        "resolved": "8.0.0",
        "contentHash": "yev/k9GHAEGx2Rg3/tU6MQh4HGBXJs70y7j1LaM1i/ER9po+6nnQ6RRqTJn1E7Xu0fbIFK80Nh5EoODxrbxwBQ=="
      }
    },
    "net8.0/osx-arm64": {
      "System.Text.Encodings.Web": {
        "type": "Transitive",
        "resolved": "8.0.0",
        "contentHash": "yev/k9GHAEGx2Rg3/tU6MQh4HGBXJs70y7j1LaM1i/ER9po+6nnQ6RRqTJn1E7Xu0fbIFK80Nh5EoODxrbxwBQ=="
      }
    },
    "net8.0/osx-x64": {
      "System.Text.Encodings.Web": {
        "type": "Transitive",
        "resolved": "8.0.0",
        "contentHash": "yev/k9GHAEGx2Rg3/tU6MQh4HGBXJs70y7j1LaM1i/ER9po+6nnQ6RRqTJn1E7Xu0fbIFK80Nh5EoODxrbxwBQ=="
      }
    },
    "net8.0/win-arm64": {
      "System.Text.Encodings.Web": {
        "type": "Transitive",
        "resolved": "8.0.0",
        "contentHash": "yev/k9GHAEGx2Rg3/tU6MQh4HGBXJs70y7j1LaM1i/ER9po+6nnQ6RRqTJn1E7Xu0fbIFK80Nh5EoODxrbxwBQ=="
      }
    },
    "net8.0/win-x64": {
      "System.Text.Encodings.Web": {
        "type": "Transitive",
        "resolved": "8.0.0",
        "contentHash": "yev/k9GHAEGx2Rg3/tU6MQh4HGBXJs70y7j1LaM1i/ER9po+6nnQ6RRqTJn1E7Xu0fbIFK80Nh5EoODxrbxwBQ=="
      }
    }
  }
}